
Microsoft Visual Studio Solution File, Format Version 12.00
# Visual Studio 2012
Project("{FAE04EC0-301F-11D3-BF4B-00C04F79EFBC}") = "GTIControls", "..\..\DLLs\GTIControls\GTIControls.csproj", "{A2B9C7C4-AE7E-48DC-B39C-C9442CF017F6}"
EndProject
Project("{FAE04EC0-301F-11D3-BF4B-00C04F79EFBC}") = "ManagedEliteModule", "..\..\DLLs\ManagedEliteModule\ManagedEliteModule.csproj", "{308EF933-6B4E-48B2-9C54-85318FE50C63}"
EndProject
Project("{FAE04EC0-301F-11D3-BF4B-00C04F79EFBC}") = "SystemSettings", "SystemSettings.csproj", "{E4E78223-403C-42FE-8A32-FB93D1E3DCC5}"
EndProject
Global
	GlobalSection(TestCaseManagementSettings) = postSolution
		CategoryFile = PaperCenter1.vsmdi
	EndGlobalSection
	GlobalSection(SolutionConfigurationPlatforms) = preSolution
		Debug|Any CPU = Debug|Any CPU
		Release|Any CPU = Release|Any CPU
	EndGlobalSection
	GlobalSection(ProjectConfigurationPlatforms) = postSolution
		{A2B9C7C4-AE7E-48DC-B39C-C9442CF017F6}.Debug|Any CPU.ActiveCfg = Debug|Any CPU
		{A2B9C7C4-AE7E-48DC-B39C-C9442CF017F6}.Debug|Any CPU.Build.0 = Debug|Any CPU
		{A2B9C7C4-AE7E-48DC-B39C-C9442CF017F6}.Release|Any CPU.ActiveCfg = Release|Any CPU
		{A2B9C7C4-AE7E-48DC-B39C-C9442CF017F6}.Release|Any CPU.Build.0 = Release|Any CPU
		{308EF933-6B4E-48B2-9C54-85318FE50C63}.Debug|Any CPU.ActiveCfg = Debug|Any CPU
		{308EF933-6B4E-48B2-9C54-85318FE50C63}.Debug|Any CPU.Build.0 = Debug|Any CPU
		{308EF933-6B4E-48B2-9C54-85318FE50C63}.Release|Any CPU.ActiveCfg = Release|Any CPU
		{308EF933-6B4E-48B2-9C54-85318FE50C63}.Release|Any CPU.Build.0 = Release|Any CPU
		{E4E78223-403C-42FE-8A32-FB93D1E3DCC5}.Debug|Any CPU.ActiveCfg = Debug|Any CPU
		{E4E78223-403C-42FE-8A32-FB93D1E3DCC5}.Debug|Any CPU.Build.0 = Debug|Any CPU
		{E4E78223-403C-42FE-8A32-FB93D1E3DCC5}.Release|Any CPU.ActiveCfg = Release|Any CPU
		{E4E78223-403C-42FE-8A32-FB93D1E3DCC5}.Release|Any CPU.Build.0 = Release|Any CPU
	EndGlobalSection
	GlobalSection(SolutionProperties) = preSolution
		HideSolutionNode = FALSE
	EndGlobalSection
	GlobalSection(SubversionScc) = preSolution
		Svn-Managed = True
		Manager = AnkhSVN - Subversion Support for Visual Studio
	EndGlobalSection
EndGlobal
